// !$*UTF8*$!
{
	archiveVersion = 1;
	classes = {
	};
	objectVersion = 46;
	objects = {

/* Begin PBXBuildFile section */
		177A0F4B1C031A4A0052A49A /* main.m in Sources */ = {isa = PBXBuildFile; fileRef = 177A0F4A1C031A4A0052A49A /* main.m */; };
		177A0F4E1C031A4A0052A49A /* AppDelegate.m in Sources */ = {isa = PBXBuildFile; fileRef = 177A0F4D1C031A4A0052A49A /* AppDelegate.m */; };
		177A0F561C031A4A0052A49A /* Assets.xcassets in Resources */ = {isa = PBXBuildFile; fileRef = 177A0F551C031A4A0052A49A /* Assets.xcassets */; };
		177A0F591C031A4A0052A49A /* LaunchScreen.storyboard in Resources */ = {isa = PBXBuildFile; fileRef = 177A0F571C031A4A0052A49A /* LaunchScreen.storyboard */; };
		177A0F641C031A4A0052A49A /* ____Tests.m in Sources */ = {isa = PBXBuildFile; fileRef = 177A0F631C031A4A0052A49A /* ____Tests.m */; };
		177A0F6F1C031A4A0052A49A /* ____UITests.m in Sources */ = {isa = PBXBuildFile; fileRef = 177A0F6E1C031A4A0052A49A /* ____UITests.m */; };
		179C02F31C03FCEA0087E592 /* MainViewController.m in Sources */ = {isa = PBXBuildFile; fileRef = 179C02F11C03FCEA0087E592 /* MainViewController.m */; };
		179C02F41C03FCEA0087E592 /* MainViewController.xib in Resources */ = {isa = PBXBuildFile; fileRef = 179C02F21C03FCEA0087E592 /* MainViewController.xib */; };
/* End PBXBuildFile section */

/* Begin PBXContainerItemProxy section */
		177A0F601C031A4A0052A49A /* PBXContainerItemProxy */ = {
			isa = PBXContainerItemProxy;
			containerPortal = 177A0F3E1C031A4A0052A49A /* Project object */;
			proxyType = 1;
			remoteGlobalIDString = 177A0F451C031A4A0052A49A;
			remoteInfo = "屏幕上移";
		};
		177A0F6B1C031A4A0052A49A /* PBXContainerItemProxy */ = {
			isa = PBXContainerItemProxy;
			containerPortal = 177A0F3E1C031A4A0052A49A /* Project object */;
			proxyType = 1;
			remoteGlobalIDString = 177A0F451C031A4A0052A49A;
			remoteInfo = "屏幕上移";
		};
/* End PBXContainerItemProxy section */

/* Begin PBXFileReference section */
		177A0F461C031A4A0052A49A /* 屏幕上移.app */ = {isa = PBXFileReference; explicitFileType = wrapper.application; includeInIndex = 0; path = "屏幕上移.app"; sourceTree = BUILT_PRODUCTS_DIR; };
		177A0F4A1C031A4A0052A49A /* main.m */ = {isa = PBXFileReference; lastKnownFileType = sourcecode.c.objc; path = main.m; sourceTree = "<group>"; };
		177A0F4C1C031A4A0052A49A /* AppDelegate.h */ = {isa = PBXFileReference; lastKnownFileType = sourcecode.c.h; path = AppDelegate.h; sourceTree = "<group>"; };
		177A0F4D1C031A4A0052A49A /* AppDelegate.m */ = {isa = PBXFileReference; lastKnownFileType = sourcecode.c.objc; path = AppDelegate.m; sourceTree = "<group>"; };
		177A0F551C031A4A0052A49A /* Assets.xcassets */ = {isa = PBXFileReference; lastKnownFileType = folder.assetcatalog; path = Assets.xcassets; sourceTree = "<group>"; };
		177A0F581C031A4A0052A49A /* Base */ = {isa = PBXFileReference; lastKnownFileType = file.storyboard; name = Base; path = Base.lproj/LaunchScreen.storyboard; sourceTree = "<group>"; };
		177A0F5A1C031A4A0052A49A /* Info.plist */ = {isa = PBXFileReference; lastKnownFileType = text.plist.xml; path = Info.plist; sourceTree = "<group>"; };
		177A0F5F1C031A4A0052A49A /* 屏幕上移Tests.xctest */ = {isa = PBXFileReference; explicitFileType = wrapper.cfbundle; includeInIndex = 0; path = "屏幕上移Tests.xctest"; sourceTree = BUILT_PRODUCTS_DIR; };
		177A0F631C031A4A0052A49A /* ____Tests.m */ = {isa = PBXFileReference; lastKnownFileType = sourcecode.c.objc; path = "____Tests.m"; sourceTree = "<group>"; };
		177A0F651C031A4A0052A49A /* Info.plist */ = {isa = PBXFileReference; lastKnownFileType = text.plist.xml; path = Info.plist; sourceTree = "<group>"; };
		177A0F6A1C031A4A0052A49A /* 屏幕上移UITests.xctest */ = {isa = PBXFileReference; explicitFileType = wrapper.cfbundle; includeInIndex = 0; path = "屏幕上移UITests.xctest"; sourceTree = BUILT_PRODUCTS_DIR; };
		177A0F6E1C031A4A0052A49A /* ____UITests.m */ = {isa = PBXFileReference; lastKnownFileType = sourcecode.c.objc; path = "____UITests.m"; sourceTree = "<group>"; };
		177A0F701C031A4A0052A49A /* Info.plist */ = {isa = PBXFileReference; lastKnownFileType = text.plist.xml; path = Info.plist; sourceTree = "<group>"; };
		179C02F01C03FCEA0087E592 /* MainViewController.h */ = {isa = PBXFileReference; fileEncoding = 4; lastKnownFileType = sourcecode.c.h; path = MainViewController.h; sourceTree = "<group>"; };
		179C02F11C03FCEA0087E592 /* MainViewController.m */ = {isa = PBXFileReference; fileEncoding = 4; lastKnownFileType = sourcecode.c.objc; path = MainViewController.m; sourceTree = "<group>"; };
		179C02F21C03FCEA0087E592 /* MainViewController.xib */ = {isa = PBXFileReference; fileEncoding = 4; lastKnownFileType = file.xib; path = MainViewController.xib; sourceTree = "<group>"; };
/* End PBXFileReference section */

/* Begin PBXFrameworksBuildPhase section */
		177A0F431C031A4A0052A49A /* Frameworks */ = {
			isa = PBXFrameworksBuildPhase;
			buildActionMask = 2147483647;
			files = (
			);
			runOnlyForDeploymentPostprocessing = 0;
		};
		177A0F5C1C031A4A0052A49A /* Frameworks */ = {
			isa = PBXFrameworksBuildPhase;
			buildActionMask = 2147483647;
			files = (
			);
			runOnlyForDeploymentPostprocessing = 0;
		};
		177A0F671C031A4A0052A49A /* Frameworks */ = {
			isa = PBXFrameworksBuildPhase;
			buildActionMask = 2147483647;
			files = (
			);
			runOnlyForDeploymentPostprocessing = 0;
		};
/* End PBXFrameworksBuildPhase section */

/* Begin PBXGroup section */
		177A0F3D1C031A4A0052A49A = {
			isa = PBXGroup;
			children = (
				177A0F481C031A4A0052A49A /* 屏幕上移 */,
				177A0F621C031A4A0052A49A /* 屏幕上移Tests */,
				177A0F6D1C031A4A0052A49A /* 屏幕上移UITests */,
				177A0F471C031A4A0052A49A /* Products */,
			);
			sourceTree = "<group>";
		};
		177A0F471C031A4A0052A49A /* Products */ = {
			isa = PBXGroup;
			children = (
				177A0F461C031A4A0052A49A /* 屏幕上移.app */,
				177A0F5F1C031A4A0052A49A /* 屏幕上移Tests.xctest */,
				177A0F6A1C031A4A0052A49A /* 屏幕上移UITests.xctest */,
			);
			name = Products;
			sourceTree = "<group>";
		};
		177A0F481C031A4A0052A49A /* 屏幕上移 */ = {
			isa = PBXGroup;
			children = (
				177A0F4C1C031A4A0052A49A /* AppDelegate.h */,
				177A0F4D1C031A4A0052A49A /* AppDelegate.m */,
				179C02F01C03FCEA0087E592 /* MainViewController.h */,
				179C02F11C03FCEA0087E592 /* MainViewController.m */,
				179C02F21C03FCEA0087E592 /* MainViewController.xib */,
				177A0F551C031A4A0052A49A /* Assets.xcassets */,
				177A0F571C031A4A0052A49A /* LaunchScreen.storyboard */,
				177A0F5A1C031A4A0052A49A /* Info.plist */,
				177A0F491C031A4A0052A49A /* Supporting Files */,
			);
			path = "屏幕上移";
			sourceTree = "<group>";
		};
		177A0F491C031A4A0052A49A /* Supporting Files */ = {
			isa = PBXGroup;
			children = (
				177A0F4A1C031A4A0052A49A /* main.m */,
			);
			name = "Supporting Files";
			sourceTree = "<group>";
		};
		177A0F621C031A4A0052A49A /* 屏幕上移Tests */ = {
			isa = PBXGroup;
			children = (
				177A0F631C031A4A0052A49A /* ____Tests.m */,
				177A0F651C031A4A0052A49A /* Info.plist */,
			);
			path = "屏幕上移Tests";
			sourceTree = "<group>";
		};
		177A0F6D1C031A4A0052A49A /* 屏幕上移UITests */ = {
			isa = PBXGroup;
			children = (
				177A0F6E1C031A4A0052A49A /* ____UITests.m */,
				177A0F701C031A4A0052A49A /* Info.plist */,
			);
			path = "屏幕上移UITests";
			sourceTree = "<group>";
		};
/* End PBXGroup section */

/* Begin PBXNativeTarget section */
		177A0F451C031A4A0052A49A /* 屏幕上移 */ = {
			isa = PBXNativeTarget;
			buildConfigurationList = 177A0F731C031A4A0052A49A /* Build configuration list for PBXNativeTarget "屏幕上移" */;
			buildPhases = (
				177A0F421C031A4A0052A49A /* Sources */,
				177A0F431C031A4A0052A49A /* Frameworks */,
				177A0F441C031A4A0052A49A /* Resources */,
			);
			buildRules = (
			);
			dependencies = (
			);
			name = "屏幕上移";
			productName = "屏幕上移";
			productReference = 177A0F461C031A4A0052A49A /* 屏幕上移.app */;
			productType = "com.apple.product-type.application";
		};
		177A0F5E1C031A4A0052A49A /* 屏幕上移Tests */ = {
			isa = PBXNativeTarget;
			buildConfigurationList = 177A0F761C031A4A0052A49A /* Build configuration list for PBXNativeTarget "屏幕上移Tests" */;
			buildPhases = (
				177A0F5B1C031A4A0052A49A /* Sources */,
				177A0F5C1C031A4A0052A49A /* Frameworks */,
				177A0F5D1C031A4A0052A49A /* Resources */,
			);
			buildRules = (
			);
			dependencies = (
				177A0F611C031A4A0052A49A /* PBXTargetDependency */,
			);
			name = "屏幕上移Tests";
			productName = "屏幕上移Tests";
			productReference = 177A0F5F1C031A4A0052A49A /* 屏幕上移Tests.xctest */;
			productType = "com.apple.product-type.bundle.unit-test";
		};
		177A0F691C031A4A0052A49A /* 屏幕上移UITests */ = {
			isa = PBXNativeTarget;
			buildConfigurationList = 177A0F791C031A4A0052A49A /* Build configuration list for PBXNativeTarget "屏幕上移UITests" */;
			buildPhases = (
				177A0F661C031A4A0052A49A /* Sources */,
				177A0F671C031A4A0052A49A /* Frameworks */,
				177A0F681C031A4A0052A49A /* Resources */,
			);
			buildRules = (
			);
			dependencies = (
				177A0F6C1C031A4A0052A49A /* PBXTargetDependency */,
			);
			name = "屏幕上移UITests";
			productName = "屏幕上移UITests";
			productReference = 177A0F6A1C031A4A0052A49A /* 屏幕上移UITests.xctest */;
			productType = "com.apple.product-type.bundle.ui-testing";
		};
/* End PBXNativeTarget section */

/* Begin PBXProject section */
		177A0F3E1C031A4A0052A49A /* Project object */ = {
			isa = PBXProject;
			attributes = {
				LastUpgradeCheck = 0710;
				ORGANIZATIONNAME = "种子";
				TargetAttributes = {
					177A0F451C031A4A0052A49A = {
						CreatedOnToolsVersion = 7.1.1;
					};
					177A0F5E1C031A4A0052A49A = {
						CreatedOnToolsVersion = 7.1.1;
						TestTargetID = 177A0F451C031A4A0052A49A;
					};
					177A0F691C031A4A0052A49A = {
						CreatedOnToolsVersion = 7.1.1;
						TestTargetID = 177A0F451C031A4A0052A49A;
					};
				};
			};
			buildConfigurationList = 177A0F411C031A4A0052A49A /* Build configuration list for PBXProject "屏幕上移" */;
			compatibilityVersion = "Xcode 3.2";
			developmentRegion = English;
			hasScannedForEncodings = 0;
			knownRegions = (
				en,
				Base,
			);
			mainGroup = 177A0F3D1C031A4A0052A49A;
			productRefGroup = 177A0F471C031A4A0052A49A /* Products */;
			projectDirPath = "";
			projectRoot = "";
			targets = (
				177A0F451C031A4A0052A49A /* 屏幕上移 */,
				177A0F5E1C031A4A0052A49A /* 屏幕上移Tests */,
				177A0F691C031A4A0052A49A /* 屏幕上移UITests */,
			);
		};
/* End PBXProject section */

/* Begin PBXResourcesBuildPhase section */
		177A0F441C031A4A0052A49A /* Resources */ = {
			isa = PBXResourcesBuildPhase;
			buildActionMask = 2147483647;
			files = (
				177A0F591C031A4A0052A49A /* LaunchScreen.storyboard in Resources */,
				177A0F561C031A4A0052A49A /* Assets.xcassets in Resources */,
				179C02F41C03FCEA0087E592 /* MainViewController.xib in Resources */,
			);
			runOnlyForDeploymentPostprocessing = 0;
		};
		177A0F5D1C031A4A0052A49A /* Resources */ = {
			isa = PBXResourcesBuildPhase;
			buildActionMask = 2147483647;
			files = (
			);
			runOnlyForDeploymentPostprocessing = 0;
		};
		177A0F681C031A4A0052A49A /* Resources */ = {
			isa = PBXResourcesBuildPhase;
			buildActionMask = 2147483647;
			files = (
			);
			runOnlyForDeploymentPostprocessing = 0;
		};
/* End PBXResourcesBuildPhase section */

/* Begin PBXSourcesBuildPhase section */
		177A0F421C031A4A0052A49A /* Sources */ = {
			isa = PBXSourcesBuildPhase;
			buildActionMask = 2147483647;
			files = (
				177A0F4E1C031A4A0052A49A /* AppDelegate.m in Sources */,
				177A0F4B1C031A4A0052A49A /* main.m in Sources */,
				179C02F31C03FCEA0087E592 /* MainViewController.m in Sources */,
			);
			runOnlyForDeploymentPostprocessing = 0;
		};
		177A0F5B1C031A4A0052A49A /* Sources */ = {
			isa = PBXSourcesBuildPhase;
			buildActionMask = 2147483647;
			files = (
				177A0F641C031A4A0052A49A /* ____Tests.m in Sources */,
			);
			runOnlyForDeploymentPostprocessing = 0;
		};
		177A0F661C031A4A0052A49A /* Sources */ = {
			isa = PBXSourcesBuildPhase;
			buildActionMask = 2147483647;
			files = (
				177A0F6F1C031A4A0052A49A /* ____UITests.m in Sources */,
			);
			runOnlyForDeploymentPostprocessing = 0;
		};
/* End PBXSourcesBuildPhase section */

/* Begin PBXTargetDependency section */
		177A0F611C031A4A0052A49A /* PBXTargetDependency */ = {
			isa = PBXTargetDependency;
			target = 177A0F451C031A4A0052A49A /* 屏幕上移 */;
			targetProxy = 177A0F601C031A4A0052A49A /* PBXContainerItemProxy */;
		};
		177A0F6C1C031A4A0052A49A /* PBXTargetDependency */ = {
			isa = PBXTargetDependency;
			target = 177A0F451C031A4A0052A49A /* 屏幕上移 */;
			targetProxy = 177A0F6B1C031A4A0052A49A /* PBXContainerItemProxy */;
		};
/* End PBXTargetDependency section */

/* Begin PBXVariantGroup section */
		177A0F571C031A4A0052A49A /* LaunchScreen.storyboard */ = {
			isa = PBXVariantGroup;
			children = (
				177A0F581C031A4A0052A49A /* Base */,
			);
			name = LaunchScreen.storyboard;
			sourceTree = "<group>";
		};
/* End PBXVariantGroup section */

/* Begin XCBuildConfiguration section */
		177A0F711C031A4A0052A49A /* Debug */ = {
			isa = XCBuildConfiguration;
			buildSettings = {
				ALWAYS_SEARCH_USER_PATHS = NO;
				CLANG_CXX_LANGUAGE_STANDARD = "gnu++0x";
				CLANG_CXX_LIBRARY = "libc++";
				CLANG_ENABLE_MODULES = YES;
				CLANG_ENABLE_OBJC_ARC = YES;
				CLANG_WARN_BOOL_CONVERSION = YES;
				CLANG_WARN_CONSTANT_CONVERSION = YES;
				CLANG_WARN_DIRECT_OBJC_ISA_USAGE = YES_ERROR;
				CLANG_WARN_EMPTY_BODY = YES;
				CLANG_WARN_ENUM_CONVERSION = YES;
				CLANG_WARN_INT_CONVERSION = YES;
				CLANG_WARN_OBJC_ROOT_CLASS = YES_ERROR;
				CLANG_WARN_UNREACHABLE_CODE = YES;
				CLANG_WARN__DUPLICATE_METHOD_MATCH = YES;
				"CODE_SIGN_IDENTITY[sdk=iphoneos*]" = "iPhone Developer";
				COPY_PHASE_STRIP = NO;
				DEBUG_INFORMATION_FORMAT = dwarf;
				ENABLE_STRICT_OBJC_MSGSEND = YES;
				ENABLE_TESTABILITY = YES;
				GCC_C_LANGUAGE_STANDARD = gnu99;
				GCC_DYNAMIC_NO_PIC = NO;
				GCC_NO_COMMON_BLOCKS = YES;
				GCC_OPTIMIZATION_LEVEL = 0;
				GCC_PREPROCESSOR_DEFINITIONS = (
					"DEBUG=1",
					"$(inherited)",
				);
				GCC_WARN_64_TO_32_BIT_CONVERSION = YES;
				GCC_WARN_ABOUT_RETURN_TYPE = YES_ERROR;
				GCC_WARN_UNDECLARED_SELECTOR = YES;
				GCC_WARN_UNINITIALIZED_AUTOS = YES_AGGRESSIVE;
				GCC_WARN_UNUSED_FUNCTION = YES;
				GCC_WARN_UNUSED_VARIABLE = YES;
				IPHONEOS_DEPLOYMENT_TARGET = 9.1;
				MTL_ENABLE_DEBUG_INFO = YES;
				ONLY_ACTIVE_ARCH = YES;
				SDKROOT = iphoneos;
			};
			name = Debug;
		};
		177A0F721C031A4A0052A49A /* Release */ = {
			isa = XCBuildConfiguration;
			buildSettings = {
				ALWAYS_SEARCH_USER_PATHS = NO;
				CLANG_CXX_LANGUAGE_STANDARD = "gnu++0x";
				CLANG_CXX_LIBRARY = "libc++";
				CLANG_ENABLE_MODULES = YES;
				CLANG_ENABLE_OBJC_ARC = YES;
				CLANG_WARN_BOOL_CONVERSION = YES;
				CLANG_WARN_CONSTANT_CONVERSION = YES;
				CLANG_WARN_DIRECT_OBJC_ISA_USAGE = YES_ERROR;
				CLANG_WARN_EMPTY_BODY = YES;
				CLANG_WARN_ENUM_CONVERSION = YES;
				CLANG_WARN_INT_CONVERSION = YES;
				CLANG_WARN_OBJC_ROOT_CLASS = YES_ERROR;
				CLANG_WARN_UNREACHABLE_CODE = YES;
				CLANG_WARN__DUPLICATE_METHOD_MATCH = YES;
				"CODE_SIGN_IDENTITY[sdk=iphoneos*]" = "iPhone Developer";
				COPY_PHASE_STRIP = NO;
				DEBUG_INFORMATION_FORMAT = "dwarf-with-dsym";
				ENABLE_NS_ASSERTIONS = NO;
				ENABLE_STRICT_OBJC_MSGSEND = YES;
				GCC_C_LANGUAGE_STANDARD = gnu99;
				GCC_NO_COMMON_BLOCKS = YES;
				GCC_WARN_64_TO_32_BIT_CONVERSION = YES;
				GCC_WARN_ABOUT_RETURN_TYPE = YES_ERROR;
				GCC_WARN_UNDECLARED_SELECTOR = YES;
				GCC_WARN_UNINITIALIZED_AUTOS = YES_AGGRESSIVE;
				GCC_WARN_UNUSED_FUNCTION = YES;
				GCC_WARN_UNUSED_VARIABLE = YES;
				IPHONEOS_DEPLOYMENT_TARGET = 9.1;
				MTL_ENABLE_DEBUG_INFO = NO;
				SDKROOT = iphoneos;
				VALIDATE_PRODUCT = YES;
			};
			name = Release;
		};
		177A0F741C031A4A0052A49A /* Debug */ = {
			isa = XCBuildConfiguration;
			buildSettings = {
				ASSETCATALOG_COMPILER_APPICON_NAME = AppIcon;
				INFOPLIST_FILE = "屏幕上移/Info.plist";
				LD_RUNPATH_SEARCH_PATHS = "$(inherited) @executable_path/Frameworks";
				PRODUCT_BUNDLE_IDENTIFIER = "ios.----";
				PRODUCT_NAME = "$(TARGET_NAME)";
			};
			name = Debug;
		};
		177A0F751C031A4A0052A49A /* Release */ = {
			isa = XCBuildConfiguration;
			buildSettings = {
				ASSETCATALOG_COMPILER_APPICON_NAME = AppIcon;
				INFOPLIST_FILE = "屏幕上移/Info.plist";
				LD_RUNPATH_SEARCH_PATHS = "$(inherited) @executable_path/Frameworks";
				PRODUCT_BUNDLE_IDENTIFIER = "ios.----";
				PRODUCT_NAME = "$(TARGET_NAME)";
			};
			name = Release;
		};
		177A0F771C031A4A0052A49A /* Debug */ = {
			isa = XCBuildConfiguration;
			buildSettings = {
				BUNDLE_LOADER = "$(TEST_HOST)";
				INFOPLIST_FILE = "屏幕上移Tests/Info.plist";
				LD_RUNPATH_SEARCH_PATHS = "$(inherited) @executable_path/Frameworks @loader_path/Frameworks";
				PRODUCT_BUNDLE_IDENTIFIER = "ios.----Tests";
				PRODUCT_NAME = "$(TARGET_NAME)";
				TEST_HOST = "$(BUILT_PRODUCTS_DIR)/屏幕上移.app/屏幕上移";
			};
			name = Debug;
		};
		177A0F781C031A4A0052A49A /* Release */ = {
			isa = XCBuildConfiguration;
			buildSettings = {
				BUNDLE_LOADER = "$(TEST_HOST)";
				INFOPLIST_FILE = "屏幕上移Tests/Info.plist";
				LD_RUNPATH_SEARCH_PATHS = "$(inherited) @executable_path/Frameworks @loader_path/Frameworks";
				PRODUCT_BUNDLE_IDENTIFIER = "ios.----Tests";
				PRODUCT_NAME = "$(TARGET_NAME)";
				TEST_HOST = "$(BUILT_PRODUCTS_DIR)/屏幕上移.app/屏幕上移";
			};
			name = Release;
		};
		177A0F7A1C031A4A0052A49A /* Debug */ = {
			isa = XCBuildConfiguration;
			buildSettings = {
				INFOPLIST_FILE = "屏幕上移UITests/Info.plist";
				LD_RUNPATH_SEARCH_PATHS = "$(inherited) @executable_path/Frameworks @loader_path/Frameworks";
				PRODUCT_BUNDLE_IDENTIFIER = "ios.----UITests";
				PRODUCT_NAME = "$(TARGET_NAME)";
				TEST_TARGET_NAME = "屏幕上移";
				USES_XCTRUNNER = YES;
			};
			name = Debug;
		};
		177A0F7B1C031A4A0052A49A /* Release */ = {
			isa = XCBuildConfiguration;
			buildSettings = {
				INFOPLIST_FILE = "屏幕上移UITests/Info.plist";
				LD_RUNPATH_SEARCH_PATHS = "$(inherited) @executable_path/Frameworks @loader_path/Frameworks";
				PRODUCT_BUNDLE_IDENTIFIER = "ios.----UITests";
				PRODUCT_NAME = "$(TARGET_NAME)";
				TEST_TARGET_NAME = "屏幕上移";
				USES_XCTRUNNER = YES;
			};
			name = Release;
		};
/* End XCBuildConfiguration section */

/* Begin XCConfigurationList section */
		177A0F411C031A4A0052A49A /* Build configuration list for PBXProject "屏幕上移" */ = {
			isa = XCConfigurationList;
			buildConfigurations = (
				177A0F711C031A4A0052A49A /* Debug */,
				177A0F721C031A4A0052A49A /* Release */,
			);
			defaultConfigurationIsVisible = 0;
			defaultConfigurationName = Release;
		};
		177A0F731C031A4A0052A49A /* Build configuration list for PBXNativeTarget "屏幕上移" */ = {
			isa = XCConfigurationList;
			buildConfigurations = (
				177A0F741C031A4A0052A49A /* Debug */,
				177A0F751C031A4A0052A49A /* Release */,
			);
			defaultConfigurationIsVisible = 0;
			defaultConfigurationName = Release;
		};
		177A0F761C031A4A0052A49A /* Build configuration list for PBXNativeTarget "屏幕上移Tests" */ = {
			isa = XCConfigurationList;
			buildConfigurations = (
				177A0F771C031A4A0052A49A /* Debug */,
				177A0F781C031A4A0052A49A /* Release */,
			);
			defaultConfigurationIsVisible = 0;
			defaultConfigurationName = Release;
		};
		177A0F791C031A4A0052A49A /* Build configuration list for PBXNativeTarget "屏幕上移UITests" */ = {
			isa = XCConfigurationList;
			buildConfigurations = (
				177A0F7A1C031A4A0052A49A /* Debug */,
				177A0F7B1C031A4A0052A49A /* Release */,
			);
			defaultConfigurationIsVisible = 0;
			defaultConfigurationName = Release;
		};
/* End XCConfigurationList section */
	};
	rootObject = 177A0F3E1C031A4A0052A49A /* Project object */;
}
